<?xml version="1.0" encoding="utf-8"?>
<Project ToolsVersion="4.0" xmlns="http://schemas.microsoft.com/developer/msbuild/2003">
  <ItemGroup>
    <Filter Include="Files">
      <UniqueIdentifier>{4FC737F1-C7A5-4376-A066-2A32D752A2FF}</UniqueIdentifier>
      <Extensions>cpp;c;cc;cxx;def;odl;idl;hpj;bat;asm;asmx</Extensions>
    </Filter>
  </ItemGroup>
  <ItemGroup>
    <ClCompile Include="..\..\Src\IBot\Graph\IBGAction.cpp">
      <Filter>Files</Filter>
    </ClCompile>
    <ClCompile Include="..\..\Src\IBot\Graph\IBGActionBox.cpp">
      <Filter>Files</Filter>
    </ClCompile>
    <ClCompile Include="..\..\Src\IBot\Graph\IBGBoxBase.cpp">
      <Filter>Files</Filter>
    </ClCompile>
    <ClCompile Include="..\..\Src\IBot\Graph\IBGFact.cpp">
      <Filter>Files</Filter>
    </ClCompile>
    <ClCompile Include="..\..\Src\IBot\Graph\IBGFactBox.cpp">
      <Filter>Files</Filter>
    </ClCompile>
    <ClCompile Include="..\..\Src\IBot\Graph\IBGPlanner.cpp">
      <Filter>Files</Filter>
    </ClCompile>
  </ItemGroup>
  <ItemGroup>
    <ClInclude Include="..\..\Src\IBot\Graph\IBGAction.h">
      <Filter>Files</Filter>
    </ClInclude>
    <ClInclude Include="..\..\Src\IBot\Graph\IBGActionBox.h">
      <Filter>Files</Filter>
    </ClInclude>
    <ClInclude Include="..\..\Src\IBot\Graph\IBGBoxBase.h">
      <Filter>Files</Filter>
    </ClInclude>
    <ClInclude Include="..\..\Src\IBot\Graph\IBGFact.h">
      <Filter>Files</Filter>
    </ClInclude>
    <ClInclude Include="..\..\Src\IBot\Graph\IBGFactBox.h">
      <Filter>Files</Filter>
    </ClInclude>
    <ClInclude Include="..\..\Src\IBot\Graph\IBGPlanner.h">
      <Filter>Files</Filter>
    </ClInclude>
  </ItemGroup>
</Project>