
Microsoft Visual Studio Solution File, Format Version 12.00
# Visual Studio Version 16
VisualStudioVersion = 16.0.31005.135
MinimumVisualStudioVersion = 10.0.40219.1
Project("{8BC9CEB8-8B4A-11D0-8D11-00A0C91BC942}") = "BotLife", "BotLife.vcxproj", "{B443B1EE-5A50-45A2-8F4E-774116BE6128}"
	ProjectSection(ProjectDependencies) = postProject
		{D13A292D-7A5E-4F54-9507-4D90E0B25C76} = {D13A292D-7A5E-4F54-9507-4D90E0B25C76}
		{7342F58F-FD29-4218-8A57-A373780269AF} = {7342F58F-FD29-4218-8A57-A373780269AF}
		{32FDE2B7-01EF-4EE7-9298-F4A86D127843} = {32FDE2B7-01EF-4EE7-9298-F4A86D127843}
		{8977DDC7-5AE5-48C9-AB19-0FF410BE0B17} = {8977DDC7-5AE5-48C9-AB19-0FF410BE0B17}
		{FF03C7D9-EE71-4EFE-8728-83C71E0B58AC} = {FF03C7D9-EE71-4EFE-8728-83C71E0B58AC}
		{FEC0E7DF-3BD9-4E49-AE3C-8B7650727065} = {FEC0E7DF-3BD9-4E49-AE3C-8B7650727065}
		{C98974EB-8599-4E1A-87EE-2135AA7C48C1} = {C98974EB-8599-4E1A-87EE-2135AA7C48C1}
		{F73AF5FC-B015-4890-9050-FCD817DA4278} = {F73AF5FC-B015-4890-9050-FCD817DA4278}
	EndProjectSection
EndProject
Project("{8BC9CEB8-8B4A-11D0-8D11-00A0C91BC942}") = "Common", "..\Common\Common.vcxproj", "{C98974EB-8599-4E1A-87EE-2135AA7C48C1}"
EndProject
Project("{2150E333-8FDC-42A3-9474-1A3956D46DE8}") = "SDL", "SDL", "{C34E7EB9-C73A-485A-BB80-9069630488EB}"
EndProject
Project("{8BC9CEB8-8B4A-11D0-8D11-00A0C91BC942}") = "SDL_Draw", "..\SDL_Draw\SDL_Draw.vcxproj", "{19BEE586-02FF-46C4-8A34-CAA61D55F8F4}"
EndProject
Project("{8BC9CEB8-8B4A-11D0-8D11-00A0C91BC942}") = "SDL_gfx", "..\SDL_gfx\SDL_gfx.vcxproj", "{FF26830D-66FF-460B-A5D3-F97067183986}"
EndProject
Project("{8BC9CEB8-8B4A-11D0-8D11-00A0C91BC942}") = "Graphics", "..\Graphics\Graphics.vcxproj", "{F73AF5FC-B015-4890-9050-FCD817DA4278}"
EndProject
Project("{8BC9CEB8-8B4A-11D0-8D11-00A0C91BC942}") = "Graphics_SDL", "..\Graphics_SDL\Graphics_SDL.vcxproj", "{7342F58F-FD29-4218-8A57-A373780269AF}"
	ProjectSection(ProjectDependencies) = postProject
		{E65B32FB-EDC1-4184-876D-4CD80BBCF34D} = {E65B32FB-EDC1-4184-876D-4CD80BBCF34D}
	EndProjectSection
EndProject
Project("{8BC9CEB8-8B4A-11D0-8D11-00A0C91BC942}") = "IBot", "..\IBot\IBot.vcxproj", "{FEC0E7DF-3BD9-4E49-AE3C-8B7650727065}"
EndProject
Project("{8BC9CEB8-8B4A-11D0-8D11-00A0C91BC942}") = "IBot_Graph", "..\IBot\IBot_Graph.vcxproj", "{8977DDC7-5AE5-48C9-AB19-0FF410BE0B17}"
EndProject
Project("{8BC9CEB8-8B4A-11D0-8D11-00A0C91BC942}") = "Navigation", "..\Navigation\Navigation.vcxproj", "{D13A292D-7A5E-4F54-9507-4D90E0B25C76}"
EndProject
Project("{8BC9CEB8-8B4A-11D0-8D11-00A0C91BC942}") = "SDL_FontCache", "..\SDL_FontCache\SDL_FontCache.vcxproj", "{E65B32FB-EDC1-4184-876D-4CD80BBCF34D}"
EndProject
Project("{8BC9CEB8-8B4A-11D0-8D11-00A0C91BC942}") = "IBotTest", "..\IBotTest\IBotTest.vcxproj", "{FF03C7D9-EE71-4EFE-8728-83C71E0B58AC}"
	ProjectSection(ProjectDependencies) = postProject
		{7342F58F-FD29-4218-8A57-A373780269AF} = {7342F58F-FD29-4218-8A57-A373780269AF}
		{32FDE2B7-01EF-4EE7-9298-F4A86D127843} = {32FDE2B7-01EF-4EE7-9298-F4A86D127843}
		{8977DDC7-5AE5-48C9-AB19-0FF410BE0B17} = {8977DDC7-5AE5-48C9-AB19-0FF410BE0B17}
		{FEC0E7DF-3BD9-4E49-AE3C-8B7650727065} = {FEC0E7DF-3BD9-4E49-AE3C-8B7650727065}
		{C98974EB-8599-4E1A-87EE-2135AA7C48C1} = {C98974EB-8599-4E1A-87EE-2135AA7C48C1}
		{F73AF5FC-B015-4890-9050-FCD817DA4278} = {F73AF5FC-B015-4890-9050-FCD817DA4278}
	EndProjectSection
EndProject
Project("{8BC9CEB8-8B4A-11D0-8D11-00A0C91BC942}") = "IBot_Log", "..\IBot\IBot_Log.vcxproj", "{32FDE2B7-01EF-4EE7-9298-F4A86D127843}"
	ProjectSection(ProjectDependencies) = postProject
		{FEC0E7DF-3BD9-4E49-AE3C-8B7650727065} = {FEC0E7DF-3BD9-4E49-AE3C-8B7650727065}
		{C98974EB-8599-4E1A-87EE-2135AA7C48C1} = {C98974EB-8599-4E1A-87EE-2135AA7C48C1}
		{F73AF5FC-B015-4890-9050-FCD817DA4278} = {F73AF5FC-B015-4890-9050-FCD817DA4278}
	EndProjectSection
EndProject
Global
	GlobalSection(SolutionConfigurationPlatforms) = preSolution
		Debug|Win32 = Debug|Win32
		Debug|x64 = Debug|x64
		Release|Win32 = Release|Win32
		Release|x64 = Release|x64
	EndGlobalSection
	GlobalSection(ProjectConfigurationPlatforms) = postSolution
		{B443B1EE-5A50-45A2-8F4E-774116BE6128}.Debug|Win32.ActiveCfg = Debug|Win32
		{B443B1EE-5A50-45A2-8F4E-774116BE6128}.Debug|Win32.Build.0 = Debug|Win32
		{B443B1EE-5A50-45A2-8F4E-774116BE6128}.Debug|x64.ActiveCfg = Debug|x64
		{B443B1EE-5A50-45A2-8F4E-774116BE6128}.Debug|x64.Build.0 = Debug|x64
		{B443B1EE-5A50-45A2-8F4E-774116BE6128}.Release|Win32.ActiveCfg = Release|Win32
		{B443B1EE-5A50-45A2-8F4E-774116BE6128}.Release|Win32.Build.0 = Release|Win32
		{B443B1EE-5A50-45A2-8F4E-774116BE6128}.Release|x64.ActiveCfg = Release|x64
		{B443B1EE-5A50-45A2-8F4E-774116BE6128}.Release|x64.Build.0 = Release|x64
		{C98974EB-8599-4E1A-87EE-2135AA7C48C1}.Debug|Win32.ActiveCfg = Debug|Win32
		{C98974EB-8599-4E1A-87EE-2135AA7C48C1}.Debug|Win32.Build.0 = Debug|Win32
		{C98974EB-8599-4E1A-87EE-2135AA7C48C1}.Debug|x64.ActiveCfg = Debug|Win32
		{C98974EB-8599-4E1A-87EE-2135AA7C48C1}.Release|Win32.ActiveCfg = Release|Win32
		{C98974EB-8599-4E1A-87EE-2135AA7C48C1}.Release|Win32.Build.0 = Release|Win32
		{C98974EB-8599-4E1A-87EE-2135AA7C48C1}.Release|x64.ActiveCfg = Release|Win32
		{19BEE586-02FF-46C4-8A34-CAA61D55F8F4}.Debug|Win32.ActiveCfg = Debug|Win32
		{19BEE586-02FF-46C4-8A34-CAA61D55F8F4}.Debug|Win32.Build.0 = Debug|Win32
		{19BEE586-02FF-46C4-8A34-CAA61D55F8F4}.Debug|x64.ActiveCfg = Debug|Win32
		{19BEE586-02FF-46C4-8A34-CAA61D55F8F4}.Release|Win32.ActiveCfg = Release|Win32
		{19BEE586-02FF-46C4-8A34-CAA61D55F8F4}.Release|Win32.Build.0 = Release|Win32
		{19BEE586-02FF-46C4-8A34-CAA61D55F8F4}.Release|x64.ActiveCfg = Release|Win32
		{FF26830D-66FF-460B-A5D3-F97067183986}.Debug|Win32.ActiveCfg = Debug|Win32
		{FF26830D-66FF-460B-A5D3-F97067183986}.Debug|Win32.Build.0 = Debug|Win32
		{FF26830D-66FF-460B-A5D3-F97067183986}.Debug|x64.ActiveCfg = Debug|Win32
		{FF26830D-66FF-460B-A5D3-F97067183986}.Release|Win32.ActiveCfg = Release|Win32
		{FF26830D-66FF-460B-A5D3-F97067183986}.Release|Win32.Build.0 = Release|Win32
		{FF26830D-66FF-460B-A5D3-F97067183986}.Release|x64.ActiveCfg = Release|Win32
		{F73AF5FC-B015-4890-9050-FCD817DA4278}.Debug|Win32.ActiveCfg = Debug|Win32
		{F73AF5FC-B015-4890-9050-FCD817DA4278}.Debug|Win32.Build.0 = Debug|Win32
		{F73AF5FC-B015-4890-9050-FCD817DA4278}.Debug|x64.ActiveCfg = Debug|Win32
		{F73AF5FC-B015-4890-9050-FCD817DA4278}.Release|Win32.ActiveCfg = Release|Win32
		{F73AF5FC-B015-4890-9050-FCD817DA4278}.Release|Win32.Build.0 = Release|Win32
		{F73AF5FC-B015-4890-9050-FCD817DA4278}.Release|x64.ActiveCfg = Release|Win32
		{7342F58F-FD29-4218-8A57-A373780269AF}.Debug|Win32.ActiveCfg = Debug|Win32
		{7342F58F-FD29-4218-8A57-A373780269AF}.Debug|Win32.Build.0 = Debug|Win32
		{7342F58F-FD29-4218-8A57-A373780269AF}.Debug|x64.ActiveCfg = Debug|Win32
		{7342F58F-FD29-4218-8A57-A373780269AF}.Release|Win32.ActiveCfg = Release|Win32
		{7342F58F-FD29-4218-8A57-A373780269AF}.Release|Win32.Build.0 = Release|Win32
		{7342F58F-FD29-4218-8A57-A373780269AF}.Release|x64.ActiveCfg = Release|Win32
		{FEC0E7DF-3BD9-4E49-AE3C-8B7650727065}.Debug|Win32.ActiveCfg = Debug|Win32
		{FEC0E7DF-3BD9-4E49-AE3C-8B7650727065}.Debug|Win32.Build.0 = Debug|Win32
		{FEC0E7DF-3BD9-4E49-AE3C-8B7650727065}.Debug|x64.ActiveCfg = Debug|Win32
		{FEC0E7DF-3BD9-4E49-AE3C-8B7650727065}.Release|Win32.ActiveCfg = Release|Win32
		{FEC0E7DF-3BD9-4E49-AE3C-8B7650727065}.Release|Win32.Build.0 = Release|Win32
		{FEC0E7DF-3BD9-4E49-AE3C-8B7650727065}.Release|x64.ActiveCfg = Release|Win32
		{8977DDC7-5AE5-48C9-AB19-0FF410BE0B17}.Debug|Win32.ActiveCfg = Debug|Win32
		{8977DDC7-5AE5-48C9-AB19-0FF410BE0B17}.Debug|Win32.Build.0 = Debug|Win32
		{8977DDC7-5AE5-48C9-AB19-0FF410BE0B17}.Debug|x64.ActiveCfg = Debug|Win32
		{8977DDC7-5AE5-48C9-AB19-0FF410BE0B17}.Release|Win32.ActiveCfg = Release|Win32
		{8977DDC7-5AE5-48C9-AB19-0FF410BE0B17}.Release|Win32.Build.0 = Release|Win32
		{8977DDC7-5AE5-48C9-AB19-0FF410BE0B17}.Release|x64.ActiveCfg = Release|Win32
		{D13A292D-7A5E-4F54-9507-4D90E0B25C76}.Debug|Win32.ActiveCfg = Debug|Win32
		{D13A292D-7A5E-4F54-9507-4D90E0B25C76}.Debug|Win32.Build.0 = Debug|Win32
		{D13A292D-7A5E-4F54-9507-4D90E0B25C76}.Debug|x64.ActiveCfg = Debug|Win32
		{D13A292D-7A5E-4F54-9507-4D90E0B25C76}.Release|Win32.ActiveCfg = Release|Win32
		{D13A292D-7A5E-4F54-9507-4D90E0B25C76}.Release|Win32.Build.0 = Release|Win32
		{D13A292D-7A5E-4F54-9507-4D90E0B25C76}.Release|x64.ActiveCfg = Release|Win32
		{E65B32FB-EDC1-4184-876D-4CD80BBCF34D}.Debug|Win32.ActiveCfg = Debug|Win32
		{E65B32FB-EDC1-4184-876D-4CD80BBCF34D}.Debug|Win32.Build.0 = Debug|Win32
		{E65B32FB-EDC1-4184-876D-4CD80BBCF34D}.Debug|x64.ActiveCfg = Debug|x64
		{E65B32FB-EDC1-4184-876D-4CD80BBCF34D}.Debug|x64.Build.0 = Debug|x64
		{E65B32FB-EDC1-4184-876D-4CD80BBCF34D}.Release|Win32.ActiveCfg = Release|Win32
		{E65B32FB-EDC1-4184-876D-4CD80BBCF34D}.Release|Win32.Build.0 = Release|Win32
		{E65B32FB-EDC1-4184-876D-4CD80BBCF34D}.Release|x64.ActiveCfg = Release|x64
		{E65B32FB-EDC1-4184-876D-4CD80BBCF34D}.Release|x64.Build.0 = Release|x64
		{FF03C7D9-EE71-4EFE-8728-83C71E0B58AC}.Debug|Win32.ActiveCfg = Debug|Win32
		{FF03C7D9-EE71-4EFE-8728-83C71E0B58AC}.Debug|Win32.Build.0 = Debug|Win32
		{FF03C7D9-EE71-4EFE-8728-83C71E0B58AC}.Debug|x64.ActiveCfg = Debug|x64
		{FF03C7D9-EE71-4EFE-8728-83C71E0B58AC}.Debug|x64.Build.0 = Debug|x64
		{FF03C7D9-EE71-4EFE-8728-83C71E0B58AC}.Release|Win32.ActiveCfg = Release|Win32
		{FF03C7D9-EE71-4EFE-8728-83C71E0B58AC}.Release|Win32.Build.0 = Release|Win32
		{FF03C7D9-EE71-4EFE-8728-83C71E0B58AC}.Release|x64.ActiveCfg = Release|x64
		{FF03C7D9-EE71-4EFE-8728-83C71E0B58AC}.Release|x64.Build.0 = Release|x64
		{32FDE2B7-01EF-4EE7-9298-F4A86D127843}.Debug|Win32.ActiveCfg = Debug|Win32
		{32FDE2B7-01EF-4EE7-9298-F4A86D127843}.Debug|Win32.Build.0 = Debug|Win32
		{32FDE2B7-01EF-4EE7-9298-F4A86D127843}.Debug|x64.ActiveCfg = Debug|x64
		{32FDE2B7-01EF-4EE7-9298-F4A86D127843}.Debug|x64.Build.0 = Debug|x64
		{32FDE2B7-01EF-4EE7-9298-F4A86D127843}.Release|Win32.ActiveCfg = Release|Win32
		{32FDE2B7-01EF-4EE7-9298-F4A86D127843}.Release|Win32.Build.0 = Release|Win32
		{32FDE2B7-01EF-4EE7-9298-F4A86D127843}.Release|x64.ActiveCfg = Release|x64
		{32FDE2B7-01EF-4EE7-9298-F4A86D127843}.Release|x64.Build.0 = Release|x64
	EndGlobalSection
	GlobalSection(SolutionProperties) = preSolution
		HideSolutionNode = FALSE
	EndGlobalSection
	GlobalSection(NestedProjects) = preSolution
		{19BEE586-02FF-46C4-8A34-CAA61D55F8F4} = {C34E7EB9-C73A-485A-BB80-9069630488EB}
		{FF26830D-66FF-460B-A5D3-F97067183986} = {C34E7EB9-C73A-485A-BB80-9069630488EB}
		{E65B32FB-EDC1-4184-876D-4CD80BBCF34D} = {C34E7EB9-C73A-485A-BB80-9069630488EB}
	EndGlobalSection
	GlobalSection(ExtensibilityGlobals) = postSolution
		SolutionGuid = {FDC87941-CD6E-40B5-AAF1-E06CC38F0D7B}
	EndGlobalSection
EndGlobal
