<?xml version="1.0" encoding="utf-8"?>
<Project ToolsVersion="4.0" xmlns="http://schemas.microsoft.com/developer/msbuild/2003">
  <ItemGroup>
    <Filter Include="Sources">
      <UniqueIdentifier>{4FC737F1-C7A5-4376-A066-2A32D752A2FF}</UniqueIdentifier>
      <Extensions>cpp;c;cc;cxx;def;odl;idl;hpj;bat;asm;asmx</Extensions>
    </Filter>
    <Filter Include="Headers">
      <UniqueIdentifier>{93995380-89BD-4b04-88EB-625FBE52EBFB}</UniqueIdentifier>
      <Extensions>h;hpp;hxx;hm;inl;inc;xsd</Extensions>
    </Filter>
  </ItemGroup>
  <ItemGroup>
    <ClCompile Include="..\..\Src\Graphics\Canvas.cpp">
      <Filter>Sources</Filter>
    </ClCompile>
    <ClCompile Include="..\..\Src\Graphics\CanvasBase.cpp">
      <Filter>Sources</Filter>
    </ClCompile>
    <ClCompile Include="..\..\Src\Graphics\Color.cpp">
      <Filter>Sources</Filter>
    </ClCompile>
    <ClCompile Include="..\..\Src\Graphics\FontResource.cpp">
      <Filter>Sources</Filter>
    </ClCompile>
    <ClCompile Include="..\..\Src\Graphics\GApp.cpp">
      <Filter>Sources</Filter>
    </ClCompile>
    <ClCompile Include="..\..\Src\Graphics\GEngine.cpp">
      <Filter>Sources</Filter>
    </ClCompile>
    <ClCompile Include="..\..\Src\Graphics\Image.cpp">
      <Filter>Sources</Filter>
    </ClCompile>
    <ClCompile Include="..\..\Src\Graphics\ImageFlipBook.cpp">
      <Filter>Sources</Filter>
    </ClCompile>
    <ClCompile Include="..\..\Src\Graphics\ImageResource.cpp">
      <Filter>Sources</Filter>
    </ClCompile>
    <ClCompile Include="..\..\Src\Graphics\ImageRotoZoom.cpp">
      <Filter>Sources</Filter>
    </ClCompile>
    <ClCompile Include="..\..\Src\Graphics\Input.cpp">
      <Filter>Sources</Filter>
    </ClCompile>
    <ClCompile Include="..\..\Src\Graphics\InputEvent.cpp">
      <Filter>Sources</Filter>
    </ClCompile>
    <ClCompile Include="..\..\Src\Graphics\Resource.cpp">
      <Filter>Sources</Filter>
    </ClCompile>
  </ItemGroup>
  <ItemGroup>
    <ClInclude Include="..\..\Src\Graphics\Canvas.h">
      <Filter>Headers</Filter>
    </ClInclude>
    <ClInclude Include="..\..\Src\Graphics\CanvasBase.h">
      <Filter>Headers</Filter>
    </ClInclude>
    <ClInclude Include="..\..\Src\Graphics\Color.h">
      <Filter>Headers</Filter>
    </ClInclude>
    <ClInclude Include="..\..\Src\Graphics\FontResource.h">
      <Filter>Headers</Filter>
    </ClInclude>
    <ClInclude Include="..\..\Src\Graphics\GApp.h">
      <Filter>Headers</Filter>
    </ClInclude>
    <ClInclude Include="..\..\Src\Graphics\GEngine.h">
      <Filter>Headers</Filter>
    </ClInclude>
    <ClInclude Include="..\..\Src\Graphics\GUtils.h">
      <Filter>Headers</Filter>
    </ClInclude>
    <ClInclude Include="..\..\Src\Graphics\Image.h">
      <Filter>Headers</Filter>
    </ClInclude>
    <ClInclude Include="..\..\Src\Graphics\ImageFlipBook.h">
      <Filter>Headers</Filter>
    </ClInclude>
    <ClInclude Include="..\..\Src\Graphics\ImageResource.h">
      <Filter>Headers</Filter>
    </ClInclude>
    <ClInclude Include="..\..\Src\Graphics\ImageRotoZoom.h">
      <Filter>Headers</Filter>
    </ClInclude>
    <ClInclude Include="..\..\Src\Graphics\Input.h">
      <Filter>Headers</Filter>
    </ClInclude>
    <ClInclude Include="..\..\Src\Graphics\InputEvent.h">
      <Filter>Headers</Filter>
    </ClInclude>
    <ClInclude Include="..\..\Src\Graphics\Resource.h">
      <Filter>Headers</Filter>
    </ClInclude>
  </ItemGroup>
</Project>