
Microsoft Visual Studio Solution File, Format Version 10.00
# Visual Studio 2008
Project("{8BC9CEB8-8B4A-11D0-8D11-00A0C91BC942}") = "IBot", "vcproj\IBot.vcproj", "{FEC0E7DF-3BD9-4E49-AE3C-8B7650727065}"
	ProjectSection(ProjectDependencies) = postProject
		{7342F58F-FD29-4218-8A57-A373780269AF} = {7342F58F-FD29-4218-8A57-A373780269AF}
		{C98974EB-8599-4E1A-87EE-2135AA7C48C1} = {C98974EB-8599-4E1A-87EE-2135AA7C48C1}
		{F73AF5FC-B015-4890-9050-FCD817DA4278} = {F73AF5FC-B015-4890-9050-FCD817DA4278}
	EndProjectSection
EndProject
Project("{2150E333-8FDC-42A3-9474-1A3956D46DE8}") = "SDL", "SDL", "{3CE99884-BD30-4F14-B77C-B413D16D1780}"
EndProject
Project("{8BC9CEB8-8B4A-11D0-8D11-00A0C91BC942}") = "SDL_Draw", "..\SDL_Draw\SDL_Draw.vcproj", "{19BEE586-02FF-46C4-8A34-CAA61D55F8F4}"
EndProject
Project("{8BC9CEB8-8B4A-11D0-8D11-00A0C91BC942}") = "SDL_gfx", "..\SDL_gfx\SDL_gfx.vcproj", "{FF26830D-66FF-460B-A5D3-F97067183986}"
EndProject
Project("{8BC9CEB8-8B4A-11D0-8D11-00A0C91BC942}") = "Common", "..\Common\Common.vcproj", "{C98974EB-8599-4E1A-87EE-2135AA7C48C1}"
EndProject
Project("{8BC9CEB8-8B4A-11D0-8D11-00A0C91BC942}") = "Graphics", "..\Graphics\Graphics.vcproj", "{F73AF5FC-B015-4890-9050-FCD817DA4278}"
	ProjectSection(ProjectDependencies) = postProject
		{C98974EB-8599-4E1A-87EE-2135AA7C48C1} = {C98974EB-8599-4E1A-87EE-2135AA7C48C1}
	EndProjectSection
EndProject
Project("{8BC9CEB8-8B4A-11D0-8D11-00A0C91BC942}") = "Graphics_SDL", "..\Graphics_SDL\Graphics_SDL.vcproj", "{7342F58F-FD29-4218-8A57-A373780269AF}"
	ProjectSection(ProjectDependencies) = postProject
		{FF26830D-66FF-460B-A5D3-F97067183986} = {FF26830D-66FF-460B-A5D3-F97067183986}
		{19BEE586-02FF-46C4-8A34-CAA61D55F8F4} = {19BEE586-02FF-46C4-8A34-CAA61D55F8F4}
		{C98974EB-8599-4E1A-87EE-2135AA7C48C1} = {C98974EB-8599-4E1A-87EE-2135AA7C48C1}
		{F73AF5FC-B015-4890-9050-FCD817DA4278} = {F73AF5FC-B015-4890-9050-FCD817DA4278}
	EndProjectSection
EndProject
Project("{8BC9CEB8-8B4A-11D0-8D11-00A0C91BC942}") = "IBotTest", "..\IBotTest\IBotTest.vcproj", "{B18B84FE-EB90-42B0-A7E9-1CC3E7E6B0D7}"
EndProject
Global
	GlobalSection(SolutionConfigurationPlatforms) = preSolution
		Debug|Win32 = Debug|Win32
		Release|Win32 = Release|Win32
	EndGlobalSection
	GlobalSection(ProjectConfigurationPlatforms) = postSolution
		{FEC0E7DF-3BD9-4E49-AE3C-8B7650727065}.Debug|Win32.ActiveCfg = Debug|Win32
		{FEC0E7DF-3BD9-4E49-AE3C-8B7650727065}.Debug|Win32.Build.0 = Debug|Win32
		{FEC0E7DF-3BD9-4E49-AE3C-8B7650727065}.Release|Win32.ActiveCfg = Release|Win32
		{FEC0E7DF-3BD9-4E49-AE3C-8B7650727065}.Release|Win32.Build.0 = Release|Win32
		{19BEE586-02FF-46C4-8A34-CAA61D55F8F4}.Debug|Win32.ActiveCfg = Debug|Win32
		{19BEE586-02FF-46C4-8A34-CAA61D55F8F4}.Debug|Win32.Build.0 = Debug|Win32
		{19BEE586-02FF-46C4-8A34-CAA61D55F8F4}.Release|Win32.ActiveCfg = Release|Win32
		{19BEE586-02FF-46C4-8A34-CAA61D55F8F4}.Release|Win32.Build.0 = Release|Win32
		{FF26830D-66FF-460B-A5D3-F97067183986}.Debug|Win32.ActiveCfg = Debug|Win32
		{FF26830D-66FF-460B-A5D3-F97067183986}.Debug|Win32.Build.0 = Debug|Win32
		{FF26830D-66FF-460B-A5D3-F97067183986}.Release|Win32.ActiveCfg = Release|Win32
		{FF26830D-66FF-460B-A5D3-F97067183986}.Release|Win32.Build.0 = Release|Win32
		{C98974EB-8599-4E1A-87EE-2135AA7C48C1}.Debug|Win32.ActiveCfg = Debug|Win32
		{C98974EB-8599-4E1A-87EE-2135AA7C48C1}.Debug|Win32.Build.0 = Debug|Win32
		{C98974EB-8599-4E1A-87EE-2135AA7C48C1}.Release|Win32.ActiveCfg = Release|Win32
		{C98974EB-8599-4E1A-87EE-2135AA7C48C1}.Release|Win32.Build.0 = Release|Win32
		{F73AF5FC-B015-4890-9050-FCD817DA4278}.Debug|Win32.ActiveCfg = Debug|Win32
		{F73AF5FC-B015-4890-9050-FCD817DA4278}.Debug|Win32.Build.0 = Debug|Win32
		{F73AF5FC-B015-4890-9050-FCD817DA4278}.Release|Win32.ActiveCfg = Release|Win32
		{F73AF5FC-B015-4890-9050-FCD817DA4278}.Release|Win32.Build.0 = Release|Win32
		{7342F58F-FD29-4218-8A57-A373780269AF}.Debug|Win32.ActiveCfg = Debug|Win32
		{7342F58F-FD29-4218-8A57-A373780269AF}.Debug|Win32.Build.0 = Debug|Win32
		{7342F58F-FD29-4218-8A57-A373780269AF}.Release|Win32.ActiveCfg = Release|Win32
		{7342F58F-FD29-4218-8A57-A373780269AF}.Release|Win32.Build.0 = Release|Win32
		{B18B84FE-EB90-42B0-A7E9-1CC3E7E6B0D7}.Debug|Win32.ActiveCfg = Debug|Win32
		{B18B84FE-EB90-42B0-A7E9-1CC3E7E6B0D7}.Debug|Win32.Build.0 = Debug|Win32
		{B18B84FE-EB90-42B0-A7E9-1CC3E7E6B0D7}.Release|Win32.ActiveCfg = Release|Win32
		{B18B84FE-EB90-42B0-A7E9-1CC3E7E6B0D7}.Release|Win32.Build.0 = Release|Win32
	EndGlobalSection
	GlobalSection(SolutionProperties) = preSolution
		HideSolutionNode = FALSE
	EndGlobalSection
	GlobalSection(NestedProjects) = preSolution
		{19BEE586-02FF-46C4-8A34-CAA61D55F8F4} = {3CE99884-BD30-4F14-B77C-B413D16D1780}
		{FF26830D-66FF-460B-A5D3-F97067183986} = {3CE99884-BD30-4F14-B77C-B413D16D1780}
	EndGlobalSection
EndGlobal
