<?xml version="1.0" encoding="utf-8"?>
<Project ToolsVersion="4.0" xmlns="http://schemas.microsoft.com/developer/msbuild/2003">
  <ItemGroup>
    <Filter Include="Files">
      <UniqueIdentifier>{4FC737F1-C7A5-4376-A066-2A32D752A2FF}</UniqueIdentifier>
      <Extensions>cpp;c;cc;cxx;def;odl;idl;hpj;bat;asm;asmx</Extensions>
    </Filter>
    <Filter Include="Files\Action">
      <UniqueIdentifier>{8804e8a5-3876-469d-a8ab-11bd2c0109dd}</UniqueIdentifier>
    </Filter>
    <Filter Include="Files\Fact">
      <UniqueIdentifier>{f4f84bcf-9d09-411d-b6f2-4d7f48720528}</UniqueIdentifier>
    </Filter>
    <Filter Include="Files\World">
      <UniqueIdentifier>{556001d8-6e3b-47e4-8910-fdc0d57be811}</UniqueIdentifier>
    </Filter>
    <Filter Include="Files\Map">
      <UniqueIdentifier>{e66db79a-9aad-478b-b5a2-9e9ac7ed32e7}</UniqueIdentifier>
    </Filter>
  </ItemGroup>
  <ItemGroup>
    <ClCompile Include="..\..\Src\BotLife\BLApp.cpp">
      <Filter>Files</Filter>
    </ClCompile>
    <ClCompile Include="..\..\Src\BotLife\BLBot.cpp">
      <Filter>Files</Filter>
    </ClCompile>
    <ClCompile Include="..\..\Src\BotLife\BLGoalMenu.cpp">
      <Filter>Files</Filter>
    </ClCompile>
    <ClCompile Include="..\..\Src\BotLife\IBPlanner_BL.cpp">
      <Filter>Files</Filter>
    </ClCompile>
    <ClCompile Include="..\..\Src\BotLife\Main.cpp">
      <Filter>Files</Filter>
    </ClCompile>
    <ClCompile Include="..\..\Src\BotLife\MapViewApp.cpp">
      <Filter>Files</Filter>
    </ClCompile>
    <ClCompile Include="..\..\Src\BotLife\SpriteViewApp.cpp">
      <Filter>Files</Filter>
    </ClCompile>
    <ClCompile Include="..\..\Src\BotLife\TilesViewApp.cpp">
      <Filter>Files</Filter>
    </ClCompile>
    <ClCompile Include="..\..\Src\BotLife\Action\IBActionDef_DropObject.cpp">
      <Filter>Files\Action</Filter>
    </ClCompile>
    <ClCompile Include="..\..\Src\BotLife\Action\IBActionDef_FindPath.cpp">
      <Filter>Files\Action</Filter>
    </ClCompile>
    <ClCompile Include="..\..\Src\BotLife\Action\IBActionDef_FollowPath.cpp">
      <Filter>Files\Action</Filter>
    </ClCompile>
    <ClCompile Include="..\..\Src\BotLife\Action\IBActionDef_PickObject.cpp">
      <Filter>Files\Action</Filter>
    </ClCompile>
    <ClCompile Include="..\..\Src\BotLife\Action\IBActionDef_PushProp.cpp">
      <Filter>Files\Action</Filter>
    </ClCompile>
    <ClCompile Include="..\..\Src\BotLife\Action\IBActionDef_UnblockProp.cpp">
      <Filter>Files\Action</Filter>
    </ClCompile>
    <ClCompile Include="..\..\Src\BotLife\Fact\IBFactDef_BotAtPos.cpp">
      <Filter>Files\Fact</Filter>
    </ClCompile>
    <ClCompile Include="..\..\Src\BotLife\Fact\IBFactDef_BotHasObject.cpp">
      <Filter>Files\Fact</Filter>
    </ClCompile>
    <ClCompile Include="..\..\Src\BotLife\Fact\IBFactDef_BotIsEmpty.cpp">
      <Filter>Files\Fact</Filter>
    </ClCompile>
    <ClCompile Include="..\..\Src\BotLife\Fact\IBFactDef_BotNearPos.cpp">
      <Filter>Files\Fact</Filter>
    </ClCompile>
    <ClCompile Include="..\..\Src\BotLife\Fact\IBFactDef_HasValidPath.cpp">
      <Filter>Files\Fact</Filter>
    </ClCompile>
    <ClCompile Include="..\..\Src\BotLife\Fact\IBFactDef_ObjectAtPos.cpp">
      <Filter>Files\Fact</Filter>
    </ClCompile>
    <ClCompile Include="..\..\Src\BotLife\Fact\IBFactDef_PosIsFree.cpp">
      <Filter>Files\Fact</Filter>
    </ClCompile>
    <ClCompile Include="..\..\Src\BotLife\Fact\IBFactDef_PropIsMovable.cpp">
      <Filter>Files\Fact</Filter>
    </ClCompile>
    <ClCompile Include="..\..\Src\BotLife\Fact\IBFactDef_PropIsPickable.cpp">
      <Filter>Files\Fact</Filter>
    </ClCompile>
    <ClCompile Include="..\..\Src\BotLife\Fact\IBFactDef_PropIsUnblock.cpp">
      <Filter>Files\Fact</Filter>
    </ClCompile>
    <ClCompile Include="..\..\Src\BotLife\World\BLDoor.cpp">
      <Filter>Files\World</Filter>
    </ClCompile>
    <ClCompile Include="..\..\Src\BotLife\World\BLHeavyProp.cpp">
      <Filter>Files\World</Filter>
    </ClCompile>
    <ClCompile Include="..\..\Src\BotLife\World\BLLightProp.cpp">
      <Filter>Files\World</Filter>
    </ClCompile>
    <ClCompile Include="..\..\Src\BotLife\World\BLObject.cpp">
      <Filter>Files\World</Filter>
    </ClCompile>
    <ClCompile Include="..\..\Src\BotLife\World\BLProp.cpp">
      <Filter>Files\World</Filter>
    </ClCompile>
    <ClCompile Include="..\..\Src\BotLife\World\BLProp_FB.cpp">
      <Filter>Files\World</Filter>
    </ClCompile>
    <ClCompile Include="..\..\Src\BotLife\World\BLProp_SI.cpp">
      <Filter>Files\World</Filter>
    </ClCompile>
    <ClCompile Include="..\..\Src\BotLife\BLWorld.cpp">
      <Filter>Files\World</Filter>
    </ClCompile>
    <ClCompile Include="..\..\Src\BotLife\World\IBPath.cpp">
      <Filter>Files\World</Filter>
    </ClCompile>
    <ClCompile Include="..\..\Src\BotLife\Map\BLMap.cpp">
      <Filter>Files\Map</Filter>
    </ClCompile>
    <ClCompile Include="..\..\Src\BotLife\Map\BLSquare.cpp">
      <Filter>Files\Map</Filter>
    </ClCompile>
    <ClCompile Include="..\..\Src\BotLife\Map\BLTiles.cpp">
      <Filter>Files\Map</Filter>
    </ClCompile>
  </ItemGroup>
  <ItemGroup>
    <ClInclude Include="..\..\Src\BotLife\BLApp.h">
      <Filter>Files</Filter>
    </ClInclude>
    <ClInclude Include="..\..\Src\BotLife\BLBot.h">
      <Filter>Files</Filter>
    </ClInclude>
    <ClInclude Include="..\..\Src\BotLife\BLGoalMenu.h">
      <Filter>Files</Filter>
    </ClInclude>
    <ClInclude Include="..\..\Src\BotLife\IBPlanner_BL.h">
      <Filter>Files</Filter>
    </ClInclude>
    <ClInclude Include="..\..\Src\BotLife\MapViewApp.h">
      <Filter>Files</Filter>
    </ClInclude>
    <ClInclude Include="..\..\Src\BotLife\SpriteViewApp.h">
      <Filter>Files</Filter>
    </ClInclude>
    <ClInclude Include="..\..\Src\BotLife\TilesViewApp.h">
      <Filter>Files</Filter>
    </ClInclude>
    <ClInclude Include="..\..\Src\BotLife\Action\IBActionDef_DropObject.h">
      <Filter>Files\Action</Filter>
    </ClInclude>
    <ClInclude Include="..\..\Src\BotLife\Action\IBActionDef_FindPath.h">
      <Filter>Files\Action</Filter>
    </ClInclude>
    <ClInclude Include="..\..\Src\BotLife\Action\IBActionDef_FollowPath.h">
      <Filter>Files\Action</Filter>
    </ClInclude>
    <ClInclude Include="..\..\Src\BotLife\Action\IBActionDef_PickObject.h">
      <Filter>Files\Action</Filter>
    </ClInclude>
    <ClInclude Include="..\..\Src\BotLife\Action\IBActionDef_PushProp.h">
      <Filter>Files\Action</Filter>
    </ClInclude>
    <ClInclude Include="..\..\Src\BotLife\Action\IBActionDef_UnblockProp.h">
      <Filter>Files\Action</Filter>
    </ClInclude>
    <ClInclude Include="..\..\Src\BotLife\Fact\IBFactDef_BotAtPos.h">
      <Filter>Files\Fact</Filter>
    </ClInclude>
    <ClInclude Include="..\..\Src\BotLife\Fact\IBFactDef_BotHasObject.h">
      <Filter>Files\Fact</Filter>
    </ClInclude>
    <ClInclude Include="..\..\Src\BotLife\Fact\IBFactDef_BotIsEmpty.h">
      <Filter>Files\Fact</Filter>
    </ClInclude>
    <ClInclude Include="..\..\Src\BotLife\Fact\IBFactDef_BotNearPos.h">
      <Filter>Files\Fact</Filter>
    </ClInclude>
    <ClInclude Include="..\..\Src\BotLife\Fact\IBFactDef_HasValidPath.h">
      <Filter>Files\Fact</Filter>
    </ClInclude>
    <ClInclude Include="..\..\Src\BotLife\Fact\IBFactDef_ObjectAtPos.h">
      <Filter>Files\Fact</Filter>
    </ClInclude>
    <ClInclude Include="..\..\Src\BotLife\Fact\IBFactDef_PosIsFree.h">
      <Filter>Files\Fact</Filter>
    </ClInclude>
    <ClInclude Include="..\..\Src\BotLife\Fact\IBFactDef_PropIsMovable.h">
      <Filter>Files\Fact</Filter>
    </ClInclude>
    <ClInclude Include="..\..\Src\BotLife\Fact\IBFactDef_PropIsPickable.h">
      <Filter>Files\Fact</Filter>
    </ClInclude>
    <ClInclude Include="..\..\Src\BotLife\Fact\IBFactDef_PropIsUnblock.h">
      <Filter>Files\Fact</Filter>
    </ClInclude>
    <ClInclude Include="..\..\Src\BotLife\World\BLDoor.h">
      <Filter>Files\World</Filter>
    </ClInclude>
    <ClInclude Include="..\..\Src\BotLife\World\BLHeavyProp.h">
      <Filter>Files\World</Filter>
    </ClInclude>
    <ClInclude Include="..\..\Src\BotLife\World\BLLightProp.h">
      <Filter>Files\World</Filter>
    </ClInclude>
    <ClInclude Include="..\..\Src\BotLife\World\BLObject.h">
      <Filter>Files\World</Filter>
    </ClInclude>
    <ClInclude Include="..\..\Src\BotLife\World\BLProp.h">
      <Filter>Files\World</Filter>
    </ClInclude>
    <ClInclude Include="..\..\Src\BotLife\World\BLProp_FB.h">
      <Filter>Files\World</Filter>
    </ClInclude>
    <ClInclude Include="..\..\Src\BotLife\World\BLProp_SI.h">
      <Filter>Files\World</Filter>
    </ClInclude>
    <ClInclude Include="..\..\Src\BotLife\BLWorld.h">
      <Filter>Files\World</Filter>
    </ClInclude>
    <ClInclude Include="..\..\Src\BotLife\World\IBPath.h">
      <Filter>Files\World</Filter>
    </ClInclude>
    <ClInclude Include="..\..\Src\BotLife\Map\BLMap.h">
      <Filter>Files\Map</Filter>
    </ClInclude>
    <ClInclude Include="..\..\Src\BotLife\Map\BLSquare.h">
      <Filter>Files\Map</Filter>
    </ClInclude>
    <ClInclude Include="..\..\Src\BotLife\Map\BLTiles.h">
      <Filter>Files\Map</Filter>
    </ClInclude>
  </ItemGroup>
</Project>