
Microsoft Visual Studio Solution File, Format Version 10.00
# Visual Studio 2008
Project("{8BC9CEB8-8B4A-11D0-8D11-00A0C91BC942}") = "Beanhome", "Beanhome\Beanhome.vcproj", "{6069DC4B-28CA-460F-B0E5-D835C88A240F}"
	ProjectSection(ProjectDependencies) = postProject
		{FF26830D-66FF-460B-A5D3-F97067183986} = {FF26830D-66FF-460B-A5D3-F97067183986}
		{19BEE586-02FF-46C4-8A34-CAA61D55F8F4} = {19BEE586-02FF-46C4-8A34-CAA61D55F8F4}
	EndProjectSection
EndProject
Project("{8BC9CEB8-8B4A-11D0-8D11-00A0C91BC942}") = "SDL_Draw", "..\SDL_Draw\SDL_Draw.vcproj", "{19BEE586-02FF-46C4-8A34-CAA61D55F8F4}"
EndProject
Project("{8BC9CEB8-8B4A-11D0-8D11-00A0C91BC942}") = "SDL_gfx", "..\SDL_gfx\SDL_gfx.vcproj", "{FF26830D-66FF-460B-A5D3-F97067183986}"
EndProject
Global
	GlobalSection(SolutionConfigurationPlatforms) = preSolution
		Debug|Win32 = Debug|Win32
		Release|Win32 = Release|Win32
	EndGlobalSection
	GlobalSection(ProjectConfigurationPlatforms) = postSolution
		{6069DC4B-28CA-460F-B0E5-D835C88A240F}.Debug|Win32.ActiveCfg = Debug|Win32
		{6069DC4B-28CA-460F-B0E5-D835C88A240F}.Debug|Win32.Build.0 = Debug|Win32
		{6069DC4B-28CA-460F-B0E5-D835C88A240F}.Release|Win32.ActiveCfg = Release|Win32
		{6069DC4B-28CA-460F-B0E5-D835C88A240F}.Release|Win32.Build.0 = Release|Win32
		{19BEE586-02FF-46C4-8A34-CAA61D55F8F4}.Debug|Win32.ActiveCfg = Debug|Win32
		{19BEE586-02FF-46C4-8A34-CAA61D55F8F4}.Debug|Win32.Build.0 = Debug|Win32
		{19BEE586-02FF-46C4-8A34-CAA61D55F8F4}.Release|Win32.ActiveCfg = Release|Win32
		{19BEE586-02FF-46C4-8A34-CAA61D55F8F4}.Release|Win32.Build.0 = Release|Win32
		{FF26830D-66FF-460B-A5D3-F97067183986}.Debug|Win32.ActiveCfg = Debug|Win32
		{FF26830D-66FF-460B-A5D3-F97067183986}.Debug|Win32.Build.0 = Debug|Win32
		{FF26830D-66FF-460B-A5D3-F97067183986}.Release|Win32.ActiveCfg = Release|Win32
		{FF26830D-66FF-460B-A5D3-F97067183986}.Release|Win32.Build.0 = Release|Win32
	EndGlobalSection
	GlobalSection(SolutionProperties) = preSolution
		HideSolutionNode = FALSE
	EndGlobalSection
EndGlobal
